<?xml version="1.0" encoding="utf-8"?>
<Project ToolsVersion="4.0" xmlns="http://schemas.microsoft.com/developer/msbuild/2003">
  <ItemGroup>
    <Filter Include="Source Files">
      <UniqueIdentifier>{4FC737F1-C7A5-4376-A066-2A32D752A2FF}</UniqueIdentifier>
      <Extensions>cpp;c;cc;cxx;def;odl;idl;hpj;bat;asm;asmx</Extensions>
    </Filter>
    <Filter Include="Header Files">
      <UniqueIdentifier>{93995380-89BD-4b04-88EB-625FBE52EBFB}</UniqueIdentifier>
      <Extensions>h;hh;hpp;hxx;hm;inl;inc;xsd</Extensions>
    </Filter>
    <Filter Include="Resource Files">
      <UniqueIdentifier>{67DA6AB6-F800-4c08-8B7A-83BB121AAD01}</UniqueIdentifier>
      <Extensions>rc;ico;cur;bmp;dlg;rc2;rct;bin;rgs;gif;jpg;jpeg;jpe;resx;tiff;tif;png;wav;mfcribbon-ms</Extensions>
    </Filter>
    <Filter Include="utils">
      <UniqueIdentifier>{65db38fa-9529-48c9-82ec-e79bd2847378}</UniqueIdentifier>
    </Filter>
  </ItemGroup>
  <ItemGroup>
    <ClInclude Include="stdafx.h">
      <Filter>Header Files</Filter>
    </ClInclude>
    <ClInclude Include="targetver.h">
      <Filter>Header Files</Filter>
    </ClInclude>
    <ClInclude Include="Resource.h">
      <Filter>Header Files</Filter>
    </ClInclude>
    <ClInclude Include="wincon.h">
      <Filter>Header Files</Filter>
    </ClInclude>
    <ClInclude Include="utils\utils.h">
      <Filter>utils</Filter>
    </ClInclude>
    <ClInclude Include="utils\scoped_resource.h">
      <Filter>utils</Filter>
    </ClInclude>
    <ClInclude Include="utils\rectangle.h">
      <Filter>utils</Filter>
    </ClInclude>
    <ClInclude Include="utils\ConsoleHelper.h">
      <Filter>utils</Filter>
    </ClInclude>
    <ClInclude Include="utils\scoped_helpers.h">
      <Filter>utils</Filter>
    </ClInclude>
    <ClInclude Include="utils\rectangle_helpers.h">
      <Filter>utils</Filter>
    </ClInclude>
    <ClInclude Include="ConsoleOverlayWindow.h">
      <Filter>Header Files</Filter>
    </ClInclude>
    <ClInclude Include="SelectionHelper.h">
      <Filter>Header Files</Filter>
    </ClInclude>
    <ClInclude Include="SelectionViewWindow.h">
      <Filter>Header Files</Filter>
    </ClInclude>
    <ClInclude Include="ResizeOperation.h">
      <Filter>Header Files</Filter>
    </ClInclude>
    <ClInclude Include="SelectionOperation.h">
      <Filter>Header Files</Filter>
    </ClInclude>
    <ClInclude Include="utils\TrackingTooltip.h">
      <Filter>utils</Filter>
    </ClInclude>
  </ItemGroup>
  <ItemGroup>
    <ClCompile Include="stdafx.cpp">
      <Filter>Source Files</Filter>
    </ClCompile>
    <ClCompile Include="wincon.cpp">
      <Filter>Source Files</Filter>
    </ClCompile>
    <ClCompile Include="utils\utils.cpp">
      <Filter>utils</Filter>
    </ClCompile>
    <ClCompile Include="utils\ConsoleHelper.cpp">
      <Filter>utils</Filter>
    </ClCompile>
    <ClCompile Include="ConsoleOverlayWindow.cpp">
      <Filter>Source Files</Filter>
    </ClCompile>
    <ClCompile Include="SelectionHelper.cpp">
      <Filter>Source Files</Filter>
    </ClCompile>
    <ClCompile Include="SelectionViewWindow.cpp">
      <Filter>Source Files</Filter>
    </ClCompile>
    <ClCompile Include="ResizeOperation.cpp">
      <Filter>Source Files</Filter>
    </ClCompile>
    <ClCompile Include="SelectionOperation.cpp">
      <Filter>Source Files</Filter>
    </ClCompile>
    <ClCompile Include="utils\TrackingTooltip.cpp">
      <Filter>utils</Filter>
    </ClCompile>
  </ItemGroup>
  <ItemGroup>
    <ResourceCompile Include="wincon.rc">
      <Filter>Resource Files</Filter>
    </ResourceCompile>
  </ItemGroup>
  <ItemGroup>
    <Image Include="wincon.ico">
      <Filter>Resource Files</Filter>
    </Image>
  </ItemGroup>
</Project>